{
    "_readme": [
        "This file locks the dependencies of your project to a known state",
        "Read more about it at https://getcomposer.org/doc/01-basic-usage.md#installing-dependencies",
        "This file is @generated automatically"
    ],
    "content-hash": "002822ac328cb99ae1c18bedad485748",
    "packages": [
        {
            "name": "nikic/php-parser",
            "version": "v4.3.0",
            "source": {
                "type": "git",
                "url": "https://github.com/nikic/PHP-Parser.git",
                "reference": "9a9981c347c5c49d6dfe5cf826bb882b824080dc"
            },
            "dist": {
                "type": "zip",
                "url": "https://api.github.com/repos/nikic/PHP-Parser/zipball/9a9981c347c5c49d6dfe5cf826bb882b824080dc",
                "reference": "9a9981c347c5c49d6dfe5cf826bb882b824080dc",
                "shasum": ""
            },
            "require": {
                "ext-tokenizer": "*",
                "php": ">=7.0"
            },
            "require-dev": {
                "ircmaxell/php-yacc": "0.0.5",
                "phpunit/phpunit": "^6.5 || ^7.0 || ^8.0"
            },
            "bin": [
                "bin/php-parse"
            ],
            "type": "library",
            "extra": {
                "branch-alias": {
                    "dev-master": "4.3-dev"
                }
            },
            "autoload": {
                "psr-4": {
                    "PhpParser\\": "lib/PhpParser"
                }
            },
            "notification-url": "https://packagist.org/downloads/",
            "license": [
                "BSD-3-Clause"
            ],
            "authors": [
                {
                    "name": "Nikita Popov"
                }
            ],
            "description": "A PHP parser written in PHP",
            "keywords": [
                "parser",
                "php"
            ],
            "time": "2019-11-08T13:50:10+00:00"
        },
        {
            "name": "tzmfreedom/phphp",
            "version": "0.0.2",
            "source": {
                "type": "git",
                "url": "https://github.com/tzmfreedom/phphp.git",
                "reference": "0af5c4affb23004c206f34577df85b7e40c0e14a"
            },
            "dist": {
                "type": "zip",
                "url": "https://api.github.com/repos/tzmfreedom/phphp/zipball/0af5c4affb23004c206f34577df85b7e40c0e14a",
                "reference": "0af5c4affb23004c206f34577df85b7e40c0e14a",
                "shasum": ""
            },
            "require": {
                "nikic/php-parser": "^4.3",
                "php": ">=7.2"
            },
            "bin": [
                "bin/phphp"
            ],
            "type": "library",
            "autoload": {
                "psr-4": {
                    "PHPHP\\": "src/"
                }
            },
            "notification-url": "https://packagist.org/downloads/",
            "license": [
                "MIT"
            ],
            "authors": [
                {
                    "name": "tzmfreedom",
                    "email": "makoto_tajitsu@hotmail.co.jp"
                }
            ],
            "description": "PHP written by PHP",
            "homepage": "https://github.com/tzmfreedom/phphp",
            "time": "2019-11-17T10:56:39+00:00"
        }
    ],
    "packages-dev": [],
    "aliases": [],
    "minimum-stability": "stable",
    "stability-flags": [],
    "prefer-stable": false,
    "prefer-lowest": false,
    "platform": [],
    "platform-dev": []
}
